
Microsoft Visual Studio Solution File, Format Version 12.00
# Visual Studio Version 17
VisualStudioVersion = 17.3.32922.545
MinimumVisualStudioVersion = 10.0.40219.1
Project("{9A19103F-16F7-4668-BE54-9A1E7A4F7556}") = "WebUI", "WebApplication1\WebUI.csproj", "{4ED7F86E-7E8D-494C-8C18-83A21A149E16}"
EndProject
Project("{9A19103F-16F7-4668-BE54-9A1E7A4F7556}") = "Entity", "Entity\Entity.csproj", "{0F015678-9266-4F05-A231-86BECCDF3198}"
EndProject
Project("{9A19103F-16F7-4668-BE54-9A1E7A4F7556}") = "Data", "Data\Data.csproj", "{0F31BC2B-0A50-423D-B510-C9E2DB35AD96}"
EndProject
Project("{9A19103F-16F7-4668-BE54-9A1E7A4F7556}") = "Business", "Business\Business.csproj", "{A6D155A0-854F-4A3C-94F2-A61BD9FE4ABA}"
EndProject
Project("{FAE04EC0-301F-11D3-BF4B-00C04F79EFBC}") = "WebApi", "WebApi\WebApi.csproj", "{DF394FE4-769D-4390-9565-5F5E0C348498}"
EndProject
Global
	GlobalSection(SolutionConfigurationPlatforms) = preSolution
		Debug|Any CPU = Debug|Any CPU
		Release|Any CPU = Release|Any CPU
	EndGlobalSection
	GlobalSection(ProjectConfigurationPlatforms) = postSolution
		{4ED7F86E-7E8D-494C-8C18-83A21A149E16}.Debug|Any CPU.ActiveCfg = Debug|Any CPU
		{4ED7F86E-7E8D-494C-8C18-83A21A149E16}.Debug|Any CPU.Build.0 = Debug|Any CPU
		{4ED7F86E-7E8D-494C-8C18-83A21A149E16}.Release|Any CPU.ActiveCfg = Release|Any CPU
		{4ED7F86E-7E8D-494C-8C18-83A21A149E16}.Release|Any CPU.Build.0 = Release|Any CPU
		{0F015678-9266-4F05-A231-86BECCDF3198}.Debug|Any CPU.ActiveCfg = Debug|Any CPU
		{0F015678-9266-4F05-A231-86BECCDF3198}.Debug|Any CPU.Build.0 = Debug|Any CPU
		{0F015678-9266-4F05-A231-86BECCDF3198}.Release|Any CPU.ActiveCfg = Release|Any CPU
		{0F015678-9266-4F05-A231-86BECCDF3198}.Release|Any CPU.Build.0 = Release|Any CPU
		{0F31BC2B-0A50-423D-B510-C9E2DB35AD96}.Debug|Any CPU.ActiveCfg = Debug|Any CPU
		{0F31BC2B-0A50-423D-B510-C9E2DB35AD96}.Debug|Any CPU.Build.0 = Debug|Any CPU
		{0F31BC2B-0A50-423D-B510-C9E2DB35AD96}.Release|Any CPU.ActiveCfg = Release|Any CPU
		{0F31BC2B-0A50-423D-B510-C9E2DB35AD96}.Release|Any CPU.Build.0 = Release|Any CPU
		{A6D155A0-854F-4A3C-94F2-A61BD9FE4ABA}.Debug|Any CPU.ActiveCfg = Debug|Any CPU
		{A6D155A0-854F-4A3C-94F2-A61BD9FE4ABA}.Debug|Any CPU.Build.0 = Debug|Any CPU
		{A6D155A0-854F-4A3C-94F2-A61BD9FE4ABA}.Release|Any CPU.ActiveCfg = Release|Any CPU
		{A6D155A0-854F-4A3C-94F2-A61BD9FE4ABA}.Release|Any CPU.Build.0 = Release|Any CPU
		{DF394FE4-769D-4390-9565-5F5E0C348498}.Debug|Any CPU.ActiveCfg = Debug|Any CPU
		{DF394FE4-769D-4390-9565-5F5E0C348498}.Debug|Any CPU.Build.0 = Debug|Any CPU
		{DF394FE4-769D-4390-9565-5F5E0C348498}.Release|Any CPU.ActiveCfg = Release|Any CPU
		{DF394FE4-769D-4390-9565-5F5E0C348498}.Release|Any CPU.Build.0 = Release|Any CPU
	EndGlobalSection
	GlobalSection(SolutionProperties) = preSolution
		HideSolutionNode = FALSE
	EndGlobalSection
	GlobalSection(ExtensibilityGlobals) = postSolution
		SolutionGuid = {2A96EE64-AA7A-490C-9F92-4CBD049C5DD3}
	EndGlobalSection
EndGlobal
